
Microsoft Visual Studio Solution File, Format Version 12.00
# Visual Studio Version 16
VisualStudioVersion = 16.0.31229.75
MinimumVisualStudioVersion = 10.0.40219.1
Project("{FAE04EC0-301F-11D3-BF4B-00C04F79EFBC}") = "api-dashboard.tests", "test\api-dashboard.tests\api-dashboard.tests.csproj", "{CE2413D8-4F4E-4DAF-A15E-68269A03FAA7}"
EndProject
Project("{FAE04EC0-301F-11D3-BF4B-00C04F79EFBC}") = "api-dashboard", "src\api-dashboard\api-dashboard.csproj", "{CD7EA304-7488-48DD-87C1-F7DAB6656096}"
EndProject
Global
	GlobalSection(SolutionConfigurationPlatforms) = preSolution
		Debug|Any CPU = Debug|Any CPU
		Release|Any CPU = Release|Any CPU
	EndGlobalSection
	GlobalSection(ProjectConfigurationPlatforms) = postSolution
		{CE2413D8-4F4E-4DAF-A15E-68269A03FAA7}.Debug|Any CPU.ActiveCfg = Debug|Any CPU
		{CE2413D8-4F4E-4DAF-A15E-68269A03FAA7}.Debug|Any CPU.Build.0 = Debug|Any CPU
		{CE2413D8-4F4E-4DAF-A15E-68269A03FAA7}.Release|Any CPU.ActiveCfg = Release|Any CPU
		{CE2413D8-4F4E-4DAF-A15E-68269A03FAA7}.Release|Any CPU.Build.0 = Release|Any CPU
		{CD7EA304-7488-48DD-87C1-F7DAB6656096}.Debug|Any CPU.ActiveCfg = Debug|Any CPU
		{CD7EA304-7488-48DD-87C1-F7DAB6656096}.Debug|Any CPU.Build.0 = Debug|Any CPU
		{CD7EA304-7488-48DD-87C1-F7DAB6656096}.Release|Any CPU.ActiveCfg = Release|Any CPU
		{CD7EA304-7488-48DD-87C1-F7DAB6656096}.Release|Any CPU.Build.0 = Release|Any CPU
	EndGlobalSection
	GlobalSection(SolutionProperties) = preSolution
		HideSolutionNode = FALSE
	EndGlobalSection
	GlobalSection(ExtensibilityGlobals) = postSolution
		SolutionGuid = {A72BECE3-7B03-4F94-9E8F-FD5304E30E4F}
	EndGlobalSection
EndGlobal
